
Microsoft Visual Studio Solution File, Format Version 12.00
# Visual Studio 15
VisualStudioVersion = 15.0.28307.329
MinimumVisualStudioVersion = 10.0.40219.1
Project("{FAE04EC0-301F-11D3-BF4B-00C04F79EFBC}") = "HarveyNichols_Product", "HarveyNichols_Product\HarveyNichols_Product.csproj", "{B4DDEE47-E372-4C90-BC40-427A256DAF0B}"
EndProject
Project("{00D1A9C2-B5F0-4AF3-8072-F6C62B433612}") = "ProductDB", "ProductDB\ProductDB.sqlproj", "{7738A6A1-28FC-4B21-897F-4806ACDA07C6}"
EndProject
Global
	GlobalSection(SolutionConfigurationPlatforms) = preSolution
		Debug|Any CPU = Debug|Any CPU
		Release|Any CPU = Release|Any CPU
	EndGlobalSection
	GlobalSection(ProjectConfigurationPlatforms) = postSolution
		{B4DDEE47-E372-4C90-BC40-427A256DAF0B}.Debug|Any CPU.ActiveCfg = Debug|Any CPU
		{B4DDEE47-E372-4C90-BC40-427A256DAF0B}.Debug|Any CPU.Build.0 = Debug|Any CPU
		{B4DDEE47-E372-4C90-BC40-427A256DAF0B}.Release|Any CPU.ActiveCfg = Release|Any CPU
		{B4DDEE47-E372-4C90-BC40-427A256DAF0B}.Release|Any CPU.Build.0 = Release|Any CPU
		{7738A6A1-28FC-4B21-897F-4806ACDA07C6}.Debug|Any CPU.ActiveCfg = Debug|Any CPU
		{7738A6A1-28FC-4B21-897F-4806ACDA07C6}.Debug|Any CPU.Build.0 = Debug|Any CPU
		{7738A6A1-28FC-4B21-897F-4806ACDA07C6}.Debug|Any CPU.Deploy.0 = Debug|Any CPU
		{7738A6A1-28FC-4B21-897F-4806ACDA07C6}.Release|Any CPU.ActiveCfg = Release|Any CPU
		{7738A6A1-28FC-4B21-897F-4806ACDA07C6}.Release|Any CPU.Build.0 = Release|Any CPU
		{7738A6A1-28FC-4B21-897F-4806ACDA07C6}.Release|Any CPU.Deploy.0 = Release|Any CPU
	EndGlobalSection
	GlobalSection(SolutionProperties) = preSolution
		HideSolutionNode = FALSE
	EndGlobalSection
	GlobalSection(ExtensibilityGlobals) = postSolution
		SolutionGuid = {C743B614-2D71-486D-A879-BDCB622C8AD9}
	EndGlobalSection
EndGlobal
